// !$*UTF8*$!
{
	archiveVersion = 1;
	classes = {
	};
	objectVersion = 56;
	objects = {

/* Begin PBXBuildFile section */
		F595F12D2C7A3F2600BA5FA3 /* ImageSearchApp.swift in Sources */ = {isa = PBXBuildFile; fileRef = F595F12C2C7A3F2600BA5FA3 /* ImageSearchApp.swift */; };
		F595F12F2C7A3F2600BA5FA3 /* ContentView.swift in Sources */ = {isa = PBXBuildFile; fileRef = F595F12E2C7A3F2600BA5FA3 /* ContentView.swift */; };
		F595F1312C7A3F2700BA5FA3 /* Assets.xcassets in Resources */ = {isa = PBXBuildFile; fileRef = F595F1302C7A3F2700BA5FA3 /* Assets.xcassets */; };
		F595F1342C7A3F2700BA5FA3 /* Preview Assets.xcassets in Resources */ = {isa = PBXBuildFile; fileRef = F595F1332C7A3F2700BA5FA3 /* Preview Assets.xcassets */; };
		F595F13E2C7A3F2700BA5FA3 /* ImageSearchTests.swift in Sources */ = {isa = PBXBuildFile; fileRef = F595F13D2C7A3F2700BA5FA3 /* ImageSearchTests.swift */; };
		F595F1482C7A3F2700BA5FA3 /* ImageSearchUITests.swift in Sources */ = {isa = PBXBuildFile; fileRef = F595F1472C7A3F2700BA5FA3 /* ImageSearchUITests.swift */; };
		F595F14A2C7A3F2700BA5FA3 /* ImageSearchUITestsLaunchTests.swift in Sources */ = {isa = PBXBuildFile; fileRef = F595F1492C7A3F2700BA5FA3 /* ImageSearchUITestsLaunchTests.swift */; };
		F595F1572C7A3FA800BA5FA3 /* ImageSearchView.swift in Sources */ = {isa = PBXBuildFile; fileRef = F595F1562C7A3FA800BA5FA3 /* ImageSearchView.swift */; };
		F595F1612C7A464100BA5FA3 /* ImageSearchDataModel.swift in Sources */ = {isa = PBXBuildFile; fileRef = F595F1602C7A464100BA5FA3 /* ImageSearchDataModel.swift */; };
		F595F1642C7A465B00BA5FA3 /* ImageSearchViewModel.swift in Sources */ = {isa = PBXBuildFile; fileRef = F595F1632C7A465B00BA5FA3 /* ImageSearchViewModel.swift */; };
		F595F1662C7A4EA900BA5FA3 /* ImageDetailsView.swift in Sources */ = {isa = PBXBuildFile; fileRef = F595F1652C7A4EA900BA5FA3 /* ImageDetailsView.swift */; };
		F595F16A2C7A580200BA5FA3 /* ImageWebView.swift in Sources */ = {isa = PBXBuildFile; fileRef = F595F1692C7A580200BA5FA3 /* ImageWebView.swift */; };
		F595F16C2C7A5A3300BA5FA3 /* Constants.swift in Sources */ = {isa = PBXBuildFile; fileRef = F595F16B2C7A5A3300BA5FA3 /* Constants.swift */; };
/* End PBXBuildFile section */

/* Begin PBXContainerItemProxy section */
		F595F13A2C7A3F2700BA5FA3 /* PBXContainerItemProxy */ = {
			isa = PBXContainerItemProxy;
			containerPortal = F595F1212C7A3F2600BA5FA3 /* Project object */;
			proxyType = 1;
			remoteGlobalIDString = F595F1282C7A3F2600BA5FA3;
			remoteInfo = ImageSearch;
		};
		F595F1442C7A3F2700BA5FA3 /* PBXContainerItemProxy */ = {
			isa = PBXContainerItemProxy;
			containerPortal = F595F1212C7A3F2600BA5FA3 /* Project object */;
			proxyType = 1;
			remoteGlobalIDString = F595F1282C7A3F2600BA5FA3;
			remoteInfo = ImageSearch;
		};
/* End PBXContainerItemProxy section */

/* Begin PBXFileReference section */
		F595F1292C7A3F2600BA5FA3 /* ImageSearch.app */ = {isa = PBXFileReference; explicitFileType = wrapper.application; includeInIndex = 0; path = ImageSearch.app; sourceTree = BUILT_PRODUCTS_DIR; };
		F595F12C2C7A3F2600BA5FA3 /* ImageSearchApp.swift */ = {isa = PBXFileReference; lastKnownFileType = sourcecode.swift; path = ImageSearchApp.swift; sourceTree = "<group>"; };
		F595F12E2C7A3F2600BA5FA3 /* ContentView.swift */ = {isa = PBXFileReference; lastKnownFileType = sourcecode.swift; path = ContentView.swift; sourceTree = "<group>"; };
		F595F1302C7A3F2700BA5FA3 /* Assets.xcassets */ = {isa = PBXFileReference; lastKnownFileType = folder.assetcatalog; path = Assets.xcassets; sourceTree = "<group>"; };
		F595F1332C7A3F2700BA5FA3 /* Preview Assets.xcassets */ = {isa = PBXFileReference; lastKnownFileType = folder.assetcatalog; path = "Preview Assets.xcassets"; sourceTree = "<group>"; };
		F595F1392C7A3F2700BA5FA3 /* ImageSearchTests.xctest */ = {isa = PBXFileReference; explicitFileType = wrapper.cfbundle; includeInIndex = 0; path = ImageSearchTests.xctest; sourceTree = BUILT_PRODUCTS_DIR; };
		F595F13D2C7A3F2700BA5FA3 /* ImageSearchTests.swift */ = {isa = PBXFileReference; lastKnownFileType = sourcecode.swift; path = ImageSearchTests.swift; sourceTree = "<group>"; };
		F595F1432C7A3F2700BA5FA3 /* ImageSearchUITests.xctest */ = {isa = PBXFileReference; explicitFileType = wrapper.cfbundle; includeInIndex = 0; path = ImageSearchUITests.xctest; sourceTree = BUILT_PRODUCTS_DIR; };
		F595F1472C7A3F2700BA5FA3 /* ImageSearchUITests.swift */ = {isa = PBXFileReference; lastKnownFileType = sourcecode.swift; path = ImageSearchUITests.swift; sourceTree = "<group>"; };
		F595F1492C7A3F2700BA5FA3 /* ImageSearchUITestsLaunchTests.swift */ = {isa = PBXFileReference; lastKnownFileType = sourcecode.swift; path = ImageSearchUITestsLaunchTests.swift; sourceTree = "<group>"; };
		F595F1562C7A3FA800BA5FA3 /* ImageSearchView.swift */ = {isa = PBXFileReference; lastKnownFileType = sourcecode.swift; path = ImageSearchView.swift; sourceTree = "<group>"; };
		F595F1602C7A464100BA5FA3 /* ImageSearchDataModel.swift */ = {isa = PBXFileReference; fileEncoding = 4; lastKnownFileType = sourcecode.swift; path = ImageSearchDataModel.swift; sourceTree = "<group>"; };
		F595F1632C7A465B00BA5FA3 /* ImageSearchViewModel.swift */ = {isa = PBXFileReference; fileEncoding = 4; lastKnownFileType = sourcecode.swift; path = ImageSearchViewModel.swift; sourceTree = "<group>"; };
		F595F1652C7A4EA900BA5FA3 /* ImageDetailsView.swift */ = {isa = PBXFileReference; lastKnownFileType = sourcecode.swift; path = ImageDetailsView.swift; sourceTree = "<group>"; };
		F595F1692C7A580200BA5FA3 /* ImageWebView.swift */ = {isa = PBXFileReference; lastKnownFileType = sourcecode.swift; path = ImageWebView.swift; sourceTree = "<group>"; };
		F595F16B2C7A5A3300BA5FA3 /* Constants.swift */ = {isa = PBXFileReference; lastKnownFileType = sourcecode.swift; path = Constants.swift; sourceTree = "<group>"; };
/* End PBXFileReference section */

/* Begin PBXFrameworksBuildPhase section */
		F595F1262C7A3F2600BA5FA3 /* Frameworks */ = {
			isa = PBXFrameworksBuildPhase;
			buildActionMask = 2147483647;
			files = (
			);
			runOnlyForDeploymentPostprocessing = 0;
		};
		F595F1362C7A3F2700BA5FA3 /* Frameworks */ = {
			isa = PBXFrameworksBuildPhase;
			buildActionMask = 2147483647;
			files = (
			);
			runOnlyForDeploymentPostprocessing = 0;
		};
		F595F1402C7A3F2700BA5FA3 /* Frameworks */ = {
			isa = PBXFrameworksBuildPhase;
			buildActionMask = 2147483647;
			files = (
			);
			runOnlyForDeploymentPostprocessing = 0;
		};
/* End PBXFrameworksBuildPhase section */

/* Begin PBXGroup section */
		F595F1202C7A3F2600BA5FA3 = {
			isa = PBXGroup;
			children = (
				F595F12B2C7A3F2600BA5FA3 /* ImageSearch */,
				F595F13C2C7A3F2700BA5FA3 /* ImageSearchTests */,
				F595F1462C7A3F2700BA5FA3 /* ImageSearchUITests */,
				F595F12A2C7A3F2600BA5FA3 /* Products */,
			);
			sourceTree = "<group>";
		};
		F595F12A2C7A3F2600BA5FA3 /* Products */ = {
			isa = PBXGroup;
			children = (
				F595F1292C7A3F2600BA5FA3 /* ImageSearch.app */,
				F595F1392C7A3F2700BA5FA3 /* ImageSearchTests.xctest */,
				F595F1432C7A3F2700BA5FA3 /* ImageSearchUITests.xctest */,
			);
			name = Products;
			sourceTree = "<group>";
		};
		F595F12B2C7A3F2600BA5FA3 /* ImageSearch */ = {
			isa = PBXGroup;
			children = (
				F595F12C2C7A3F2600BA5FA3 /* ImageSearchApp.swift */,
				F595F12E2C7A3F2600BA5FA3 /* ContentView.swift */,
				F595F1582C7A3FE000BA5FA3 /* Views */,
				F595F1622C7A465B00BA5FA3 /* ViewModels */,
				F595F15F2C7A464100BA5FA3 /* DataModels */,
				F595F16B2C7A5A3300BA5FA3 /* Constants.swift */,
				F595F1302C7A3F2700BA5FA3 /* Assets.xcassets */,
				F595F1322C7A3F2700BA5FA3 /* Preview Content */,
			);
			path = ImageSearch;
			sourceTree = "<group>";
		};
		F595F1322C7A3F2700BA5FA3 /* Preview Content */ = {
			isa = PBXGroup;
			children = (
				F595F1332C7A3F2700BA5FA3 /* Preview Assets.xcassets */,
			);
			path = "Preview Content";
			sourceTree = "<group>";
		};
		F595F13C2C7A3F2700BA5FA3 /* ImageSearchTests */ = {
			isa = PBXGroup;
			children = (
				F595F13D2C7A3F2700BA5FA3 /* ImageSearchTests.swift */,
			);
			path = ImageSearchTests;
			sourceTree = "<group>";
		};
		F595F1462C7A3F2700BA5FA3 /* ImageSearchUITests */ = {
			isa = PBXGroup;
			children = (
				F595F1472C7A3F2700BA5FA3 /* ImageSearchUITests.swift */,
				F595F1492C7A3F2700BA5FA3 /* ImageSearchUITestsLaunchTests.swift */,
			);
			path = ImageSearchUITests;
			sourceTree = "<group>";
		};
		F595F1582C7A3FE000BA5FA3 /* Views */ = {
			isa = PBXGroup;
			children = (
				F595F1562C7A3FA800BA5FA3 /* ImageSearchView.swift */,
				F595F1652C7A4EA900BA5FA3 /* ImageDetailsView.swift */,
				F595F1692C7A580200BA5FA3 /* ImageWebView.swift */,
			);
			path = Views;
			sourceTree = "<group>";
		};
		F595F15F2C7A464100BA5FA3 /* DataModels */ = {
			isa = PBXGroup;
			children = (
				F595F1602C7A464100BA5FA3 /* ImageSearchDataModel.swift */,
			);
			path = DataModels;
			sourceTree = "<group>";
		};
		F595F1622C7A465B00BA5FA3 /* ViewModels */ = {
			isa = PBXGroup;
			children = (
				F595F1632C7A465B00BA5FA3 /* ImageSearchViewModel.swift */,
			);
			path = ViewModels;
			sourceTree = "<group>";
		};
/* End PBXGroup section */

/* Begin PBXNativeTarget section */
		F595F1282C7A3F2600BA5FA3 /* ImageSearch */ = {
			isa = PBXNativeTarget;
			buildConfigurationList = F595F14D2C7A3F2700BA5FA3 /* Build configuration list for PBXNativeTarget "ImageSearch" */;
			buildPhases = (
				F595F1252C7A3F2600BA5FA3 /* Sources */,
				F595F1262C7A3F2600BA5FA3 /* Frameworks */,
				F595F1272C7A3F2600BA5FA3 /* Resources */,
			);
			buildRules = (
			);
			dependencies = (
			);
			name = ImageSearch;
			productName = ImageSearch;
			productReference = F595F1292C7A3F2600BA5FA3 /* ImageSearch.app */;
			productType = "com.apple.product-type.application";
		};
		F595F1382C7A3F2700BA5FA3 /* ImageSearchTests */ = {
			isa = PBXNativeTarget;
			buildConfigurationList = F595F1502C7A3F2700BA5FA3 /* Build configuration list for PBXNativeTarget "ImageSearchTests" */;
			buildPhases = (
				F595F1352C7A3F2700BA5FA3 /* Sources */,
				F595F1362C7A3F2700BA5FA3 /* Frameworks */,
				F595F1372C7A3F2700BA5FA3 /* Resources */,
			);
			buildRules = (
			);
			dependencies = (
				F595F13B2C7A3F2700BA5FA3 /* PBXTargetDependency */,
			);
			name = ImageSearchTests;
			productName = ImageSearchTests;
			productReference = F595F1392C7A3F2700BA5FA3 /* ImageSearchTests.xctest */;
			productType = "com.apple.product-type.bundle.unit-test";
		};
		F595F1422C7A3F2700BA5FA3 /* ImageSearchUITests */ = {
			isa = PBXNativeTarget;
			buildConfigurationList = F595F1532C7A3F2700BA5FA3 /* Build configuration list for PBXNativeTarget "ImageSearchUITests" */;
			buildPhases = (
				F595F13F2C7A3F2700BA5FA3 /* Sources */,
				F595F1402C7A3F2700BA5FA3 /* Frameworks */,
				F595F1412C7A3F2700BA5FA3 /* Resources */,
			);
			buildRules = (
			);
			dependencies = (
				F595F1452C7A3F2700BA5FA3 /* PBXTargetDependency */,
			);
			name = ImageSearchUITests;
			productName = ImageSearchUITests;
			productReference = F595F1432C7A3F2700BA5FA3 /* ImageSearchUITests.xctest */;
			productType = "com.apple.product-type.bundle.ui-testing";
		};
/* End PBXNativeTarget section */

/* Begin PBXProject section */
		F595F1212C7A3F2600BA5FA3 /* Project object */ = {
			isa = PBXProject;
			attributes = {
				BuildIndependentTargetsInParallel = 1;
				LastSwiftUpdateCheck = 1430;
				LastUpgradeCheck = 1430;
				TargetAttributes = {
					F595F1282C7A3F2600BA5FA3 = {
						CreatedOnToolsVersion = 14.3.1;
					};
					F595F1382C7A3F2700BA5FA3 = {
						CreatedOnToolsVersion = 14.3.1;
						TestTargetID = F595F1282C7A3F2600BA5FA3;
					};
					F595F1422C7A3F2700BA5FA3 = {
						CreatedOnToolsVersion = 14.3.1;
						TestTargetID = F595F1282C7A3F2600BA5FA3;
					};
				};
			};
			buildConfigurationList = F595F1242C7A3F2600BA5FA3 /* Build configuration list for PBXProject "ImageSearch" */;
			compatibilityVersion = "Xcode 14.0";
			developmentRegion = en;
			hasScannedForEncodings = 0;
			knownRegions = (
				en,
				Base,
			);
			mainGroup = F595F1202C7A3F2600BA5FA3;
			productRefGroup = F595F12A2C7A3F2600BA5FA3 /* Products */;
			projectDirPath = "";
			projectRoot = "";
			targets = (
				F595F1282C7A3F2600BA5FA3 /* ImageSearch */,
				F595F1382C7A3F2700BA5FA3 /* ImageSearchTests */,
				F595F1422C7A3F2700BA5FA3 /* ImageSearchUITests */,
			);
		};
/* End PBXProject section */

/* Begin PBXResourcesBuildPhase section */
		F595F1272C7A3F2600BA5FA3 /* Resources */ = {
			isa = PBXResourcesBuildPhase;
			buildActionMask = 2147483647;
			files = (
				F595F1342C7A3F2700BA5FA3 /* Preview Assets.xcassets in Resources */,
				F595F1312C7A3F2700BA5FA3 /* Assets.xcassets in Resources */,
			);
			runOnlyForDeploymentPostprocessing = 0;
		};
		F595F1372C7A3F2700BA5FA3 /* Resources */ = {
			isa = PBXResourcesBuildPhase;
			buildActionMask = 2147483647;
			files = (
			);
			runOnlyForDeploymentPostprocessing = 0;
		};
		F595F1412C7A3F2700BA5FA3 /* Resources */ = {
			isa = PBXResourcesBuildPhase;
			buildActionMask = 2147483647;
			files = (
			);
			runOnlyForDeploymentPostprocessing = 0;
		};
/* End PBXResourcesBuildPhase section */

/* Begin PBXSourcesBuildPhase section */
		F595F1252C7A3F2600BA5FA3 /* Sources */ = {
			isa = PBXSourcesBuildPhase;
			buildActionMask = 2147483647;
			files = (
				F595F12F2C7A3F2600BA5FA3 /* ContentView.swift in Sources */,
				F595F16A2C7A580200BA5FA3 /* ImageWebView.swift in Sources */,
				F595F1662C7A4EA900BA5FA3 /* ImageDetailsView.swift in Sources */,
				F595F1612C7A464100BA5FA3 /* ImageSearchDataModel.swift in Sources */,
				F595F12D2C7A3F2600BA5FA3 /* ImageSearchApp.swift in Sources */,
				F595F1572C7A3FA800BA5FA3 /* ImageSearchView.swift in Sources */,
				F595F1642C7A465B00BA5FA3 /* ImageSearchViewModel.swift in Sources */,
				F595F16C2C7A5A3300BA5FA3 /* Constants.swift in Sources */,
			);
			runOnlyForDeploymentPostprocessing = 0;
		};
		F595F1352C7A3F2700BA5FA3 /* Sources */ = {
			isa = PBXSourcesBuildPhase;
			buildActionMask = 2147483647;
			files = (
				F595F13E2C7A3F2700BA5FA3 /* ImageSearchTests.swift in Sources */,
			);
			runOnlyForDeploymentPostprocessing = 0;
		};
		F595F13F2C7A3F2700BA5FA3 /* Sources */ = {
			isa = PBXSourcesBuildPhase;
			buildActionMask = 2147483647;
			files = (
				F595F14A2C7A3F2700BA5FA3 /* ImageSearchUITestsLaunchTests.swift in Sources */,
				F595F1482C7A3F2700BA5FA3 /* ImageSearchUITests.swift in Sources */,
			);
			runOnlyForDeploymentPostprocessing = 0;
		};
/* End PBXSourcesBuildPhase section */

/* Begin PBXTargetDependency section */
		F595F13B2C7A3F2700BA5FA3 /* PBXTargetDependency */ = {
			isa = PBXTargetDependency;
			target = F595F1282C7A3F2600BA5FA3 /* ImageSearch */;
			targetProxy = F595F13A2C7A3F2700BA5FA3 /* PBXContainerItemProxy */;
		};
		F595F1452C7A3F2700BA5FA3 /* PBXTargetDependency */ = {
			isa = PBXTargetDependency;
			target = F595F1282C7A3F2600BA5FA3 /* ImageSearch */;
			targetProxy = F595F1442C7A3F2700BA5FA3 /* PBXContainerItemProxy */;
		};
/* End PBXTargetDependency section */

/* Begin XCBuildConfiguration section */
		F595F14B2C7A3F2700BA5FA3 /* Debug */ = {
			isa = XCBuildConfiguration;
			buildSettings = {
				ALWAYS_SEARCH_USER_PATHS = NO;
				CLANG_ANALYZER_NONNULL = YES;
				CLANG_ANALYZER_NUMBER_OBJECT_CONVERSION = YES_AGGRESSIVE;
				CLANG_CXX_LANGUAGE_STANDARD = "gnu++20";
				CLANG_ENABLE_MODULES = YES;
				CLANG_ENABLE_OBJC_ARC = YES;
				CLANG_ENABLE_OBJC_WEAK = YES;
				CLANG_WARN_BLOCK_CAPTURE_AUTORELEASING = YES;
				CLANG_WARN_BOOL_CONVERSION = YES;
				CLANG_WARN_COMMA = YES;
				CLANG_WARN_CONSTANT_CONVERSION = YES;
				CLANG_WARN_DEPRECATED_OBJC_IMPLEMENTATIONS = YES;
				CLANG_WARN_DIRECT_OBJC_ISA_USAGE = YES_ERROR;
				CLANG_WARN_DOCUMENTATION_COMMENTS = YES;
				CLANG_WARN_EMPTY_BODY = YES;
				CLANG_WARN_ENUM_CONVERSION = YES;
				CLANG_WARN_INFINITE_RECURSION = YES;
				CLANG_WARN_INT_CONVERSION = YES;
				CLANG_WARN_NON_LITERAL_NULL_CONVERSION = YES;
				CLANG_WARN_OBJC_IMPLICIT_RETAIN_SELF = YES;
				CLANG_WARN_OBJC_LITERAL_CONVERSION = YES;
				CLANG_WARN_OBJC_ROOT_CLASS = YES_ERROR;
				CLANG_WARN_QUOTED_INCLUDE_IN_FRAMEWORK_HEADER = YES;
				CLANG_WARN_RANGE_LOOP_ANALYSIS = YES;
				CLANG_WARN_STRICT_PROTOTYPES = YES;
				CLANG_WARN_SUSPICIOUS_MOVE = YES;
				CLANG_WARN_UNGUARDED_AVAILABILITY = YES_AGGRESSIVE;
				CLANG_WARN_UNREACHABLE_CODE = YES;
				CLANG_WARN__DUPLICATE_METHOD_MATCH = YES;
				COPY_PHASE_STRIP = NO;
				DEBUG_INFORMATION_FORMAT = dwarf;
				ENABLE_STRICT_OBJC_MSGSEND = YES;
				ENABLE_TESTABILITY = YES;
				GCC_C_LANGUAGE_STANDARD = gnu11;
				GCC_DYNAMIC_NO_PIC = NO;
				GCC_NO_COMMON_BLOCKS = YES;
				GCC_OPTIMIZATION_LEVEL = 0;
				GCC_PREPROCESSOR_DEFINITIONS = (
					"DEBUG=1",
					"$(inherited)",
				);
				GCC_WARN_64_TO_32_BIT_CONVERSION = YES;
				GCC_WARN_ABOUT_RETURN_TYPE = YES_ERROR;
				GCC_WARN_UNDECLARED_SELECTOR = YES;
				GCC_WARN_UNINITIALIZED_AUTOS = YES_AGGRESSIVE;
				GCC_WARN_UNUSED_FUNCTION = YES;
				GCC_WARN_UNUSED_VARIABLE = YES;
				IPHONEOS_DEPLOYMENT_TARGET = 16.4;
				MTL_ENABLE_DEBUG_INFO = INCLUDE_SOURCE;
				MTL_FAST_MATH = YES;
				ONLY_ACTIVE_ARCH = YES;
				SDKROOT = iphoneos;
				SWIFT_ACTIVE_COMPILATION_CONDITIONS = DEBUG;
				SWIFT_OPTIMIZATION_LEVEL = "-Onone";
			};
			name = Debug;
		};
		F595F14C2C7A3F2700BA5FA3 /* Release */ = {
			isa = XCBuildConfiguration;
			buildSettings = {
				ALWAYS_SEARCH_USER_PATHS = NO;
				CLANG_ANALYZER_NONNULL = YES;
				CLANG_ANALYZER_NUMBER_OBJECT_CONVERSION = YES_AGGRESSIVE;
				CLANG_CXX_LANGUAGE_STANDARD = "gnu++20";
				CLANG_ENABLE_MODULES = YES;
				CLANG_ENABLE_OBJC_ARC = YES;
				CLANG_ENABLE_OBJC_WEAK = YES;
				CLANG_WARN_BLOCK_CAPTURE_AUTORELEASING = YES;
				CLANG_WARN_BOOL_CONVERSION = YES;
				CLANG_WARN_COMMA = YES;
				CLANG_WARN_CONSTANT_CONVERSION = YES;
				CLANG_WARN_DEPRECATED_OBJC_IMPLEMENTATIONS = YES;
				CLANG_WARN_DIRECT_OBJC_ISA_USAGE = YES_ERROR;
				CLANG_WARN_DOCUMENTATION_COMMENTS = YES;
				CLANG_WARN_EMPTY_BODY = YES;
				CLANG_WARN_ENUM_CONVERSION = YES;
				CLANG_WARN_INFINITE_RECURSION = YES;
				CLANG_WARN_INT_CONVERSION = YES;
				CLANG_WARN_NON_LITERAL_NULL_CONVERSION = YES;
				CLANG_WARN_OBJC_IMPLICIT_RETAIN_SELF = YES;
				CLANG_WARN_OBJC_LITERAL_CONVERSION = YES;
				CLANG_WARN_OBJC_ROOT_CLASS = YES_ERROR;
				CLANG_WARN_QUOTED_INCLUDE_IN_FRAMEWORK_HEADER = YES;
				CLANG_WARN_RANGE_LOOP_ANALYSIS = YES;
				CLANG_WARN_STRICT_PROTOTYPES = YES;
				CLANG_WARN_SUSPICIOUS_MOVE = YES;
				CLANG_WARN_UNGUARDED_AVAILABILITY = YES_AGGRESSIVE;
				CLANG_WARN_UNREACHABLE_CODE = YES;
				CLANG_WARN__DUPLICATE_METHOD_MATCH = YES;
				COPY_PHASE_STRIP = NO;
				DEBUG_INFORMATION_FORMAT = "dwarf-with-dsym";
				ENABLE_NS_ASSERTIONS = NO;
				ENABLE_STRICT_OBJC_MSGSEND = YES;
				GCC_C_LANGUAGE_STANDARD = gnu11;
				GCC_NO_COMMON_BLOCKS = YES;
				GCC_WARN_64_TO_32_BIT_CONVERSION = YES;
				GCC_WARN_ABOUT_RETURN_TYPE = YES_ERROR;
				GCC_WARN_UNDECLARED_SELECTOR = YES;
				GCC_WARN_UNINITIALIZED_AUTOS = YES_AGGRESSIVE;
				GCC_WARN_UNUSED_FUNCTION = YES;
				GCC_WARN_UNUSED_VARIABLE = YES;
				IPHONEOS_DEPLOYMENT_TARGET = 16.4;
				MTL_ENABLE_DEBUG_INFO = NO;
				MTL_FAST_MATH = YES;
				SDKROOT = iphoneos;
				SWIFT_COMPILATION_MODE = wholemodule;
				SWIFT_OPTIMIZATION_LEVEL = "-O";
				VALIDATE_PRODUCT = YES;
			};
			name = Release;
		};
		F595F14E2C7A3F2700BA5FA3 /* Debug */ = {
			isa = XCBuildConfiguration;
			buildSettings = {
				ASSETCATALOG_COMPILER_APPICON_NAME = AppIcon;
				ASSETCATALOG_COMPILER_GLOBAL_ACCENT_COLOR_NAME = AccentColor;
				CODE_SIGN_STYLE = Automatic;
				CURRENT_PROJECT_VERSION = 1;
				DEVELOPMENT_ASSET_PATHS = "\"ImageSearch/Preview Content\"";
				DEVELOPMENT_TEAM = 9K7U354QBX;
				ENABLE_PREVIEWS = YES;
				GENERATE_INFOPLIST_FILE = YES;
				INFOPLIST_KEY_UIApplicationSceneManifest_Generation = YES;
				INFOPLIST_KEY_UIApplicationSupportsIndirectInputEvents = YES;
				INFOPLIST_KEY_UILaunchScreen_Generation = YES;
				INFOPLIST_KEY_UISupportedInterfaceOrientations_iPad = "UIInterfaceOrientationPortrait UIInterfaceOrientationPortraitUpsideDown UIInterfaceOrientationLandscapeLeft UIInterfaceOrientationLandscapeRight";
				INFOPLIST_KEY_UISupportedInterfaceOrientations_iPhone = "UIInterfaceOrientationPortrait UIInterfaceOrientationLandscapeLeft UIInterfaceOrientationLandscapeRight";
				LD_RUNPATH_SEARCH_PATHS = (
					"$(inherited)",
					"@executable_path/Frameworks",
				);
				MARKETING_VERSION = 1.0;
				PRODUCT_BUNDLE_IDENTIFIER = chen.ImageSearch;
				PRODUCT_NAME = "$(TARGET_NAME)";
				SWIFT_EMIT_LOC_STRINGS = YES;
				SWIFT_VERSION = 5.0;
				TARGETED_DEVICE_FAMILY = "1,2";
			};
			name = Debug;
		};
		F595F14F2C7A3F2700BA5FA3 /* Release */ = {
			isa = XCBuildConfiguration;
			buildSettings = {
				ASSETCATALOG_COMPILER_APPICON_NAME = AppIcon;
				ASSETCATALOG_COMPILER_GLOBAL_ACCENT_COLOR_NAME = AccentColor;
				CODE_SIGN_STYLE = Automatic;
				CURRENT_PROJECT_VERSION = 1;
				DEVELOPMENT_ASSET_PATHS = "\"ImageSearch/Preview Content\"";
				DEVELOPMENT_TEAM = 9K7U354QBX;
				ENABLE_PREVIEWS = YES;
				GENERATE_INFOPLIST_FILE = YES;
				INFOPLIST_KEY_UIApplicationSceneManifest_Generation = YES;
				INFOPLIST_KEY_UIApplicationSupportsIndirectInputEvents = YES;
				INFOPLIST_KEY_UILaunchScreen_Generation = YES;
				INFOPLIST_KEY_UISupportedInterfaceOrientations_iPad = "UIInterfaceOrientationPortrait UIInterfaceOrientationPortraitUpsideDown UIInterfaceOrientationLandscapeLeft UIInterfaceOrientationLandscapeRight";
				INFOPLIST_KEY_UISupportedInterfaceOrientations_iPhone = "UIInterfaceOrientationPortrait UIInterfaceOrientationLandscapeLeft UIInterfaceOrientationLandscapeRight";
				LD_RUNPATH_SEARCH_PATHS = (
					"$(inherited)",
					"@executable_path/Frameworks",
				);
				MARKETING_VERSION = 1.0;
				PRODUCT_BUNDLE_IDENTIFIER = chen.ImageSearch;
				PRODUCT_NAME = "$(TARGET_NAME)";
				SWIFT_EMIT_LOC_STRINGS = YES;
				SWIFT_VERSION = 5.0;
				TARGETED_DEVICE_FAMILY = "1,2";
			};
			name = Release;
		};
		F595F1512C7A3F2700BA5FA3 /* Debug */ = {
			isa = XCBuildConfiguration;
			buildSettings = {
				ALWAYS_EMBED_SWIFT_STANDARD_LIBRARIES = YES;
				BUNDLE_LOADER = "$(TEST_HOST)";
				CODE_SIGN_STYLE = Automatic;
				CURRENT_PROJECT_VERSION = 1;
				DEVELOPMENT_TEAM = 9K7U354QBX;
				GENERATE_INFOPLIST_FILE = YES;
				IPHONEOS_DEPLOYMENT_TARGET = 16.4;
				MARKETING_VERSION = 1.0;
				PRODUCT_BUNDLE_IDENTIFIER = chen.ImageSearchTests;
				PRODUCT_NAME = "$(TARGET_NAME)";
				SWIFT_EMIT_LOC_STRINGS = NO;
				SWIFT_VERSION = 5.0;
				TARGETED_DEVICE_FAMILY = "1,2";
				TEST_HOST = "$(BUILT_PRODUCTS_DIR)/ImageSearch.app/$(BUNDLE_EXECUTABLE_FOLDER_PATH)/ImageSearch";
			};
			name = Debug;
		};
		F595F1522C7A3F2700BA5FA3 /* Release */ = {
			isa = XCBuildConfiguration;
			buildSettings = {
				ALWAYS_EMBED_SWIFT_STANDARD_LIBRARIES = YES;
				BUNDLE_LOADER = "$(TEST_HOST)";
				CODE_SIGN_STYLE = Automatic;
				CURRENT_PROJECT_VERSION = 1;
				DEVELOPMENT_TEAM = 9K7U354QBX;
				GENERATE_INFOPLIST_FILE = YES;
				IPHONEOS_DEPLOYMENT_TARGET = 16.4;
				MARKETING_VERSION = 1.0;
				PRODUCT_BUNDLE_IDENTIFIER = chen.ImageSearchTests;
				PRODUCT_NAME = "$(TARGET_NAME)";
				SWIFT_EMIT_LOC_STRINGS = NO;
				SWIFT_VERSION = 5.0;
				TARGETED_DEVICE_FAMILY = "1,2";
				TEST_HOST = "$(BUILT_PRODUCTS_DIR)/ImageSearch.app/$(BUNDLE_EXECUTABLE_FOLDER_PATH)/ImageSearch";
			};
			name = Release;
		};
		F595F1542C7A3F2700BA5FA3 /* Debug */ = {
			isa = XCBuildConfiguration;
			buildSettings = {
				ALWAYS_EMBED_SWIFT_STANDARD_LIBRARIES = YES;
				CODE_SIGN_STYLE = Automatic;
				CURRENT_PROJECT_VERSION = 1;
				DEVELOPMENT_TEAM = 9K7U354QBX;
				GENERATE_INFOPLIST_FILE = YES;
				MARKETING_VERSION = 1.0;
				PRODUCT_BUNDLE_IDENTIFIER = chen.ImageSearchUITests;
				PRODUCT_NAME = "$(TARGET_NAME)";
				SWIFT_EMIT_LOC_STRINGS = NO;
				SWIFT_VERSION = 5.0;
				TARGETED_DEVICE_FAMILY = "1,2";
				TEST_TARGET_NAME = ImageSearch;
			};
			name = Debug;
		};
		F595F1552C7A3F2700BA5FA3 /* Release */ = {
			isa = XCBuildConfiguration;
			buildSettings = {
				ALWAYS_EMBED_SWIFT_STANDARD_LIBRARIES = YES;
				CODE_SIGN_STYLE = Automatic;
				CURRENT_PROJECT_VERSION = 1;
				DEVELOPMENT_TEAM = 9K7U354QBX;
				GENERATE_INFOPLIST_FILE = YES;
				MARKETING_VERSION = 1.0;
				PRODUCT_BUNDLE_IDENTIFIER = chen.ImageSearchUITests;
				PRODUCT_NAME = "$(TARGET_NAME)";
				SWIFT_EMIT_LOC_STRINGS = NO;
				SWIFT_VERSION = 5.0;
				TARGETED_DEVICE_FAMILY = "1,2";
				TEST_TARGET_NAME = ImageSearch;
			};
			name = Release;
		};
/* End XCBuildConfiguration section */

/* Begin XCConfigurationList section */
		F595F1242C7A3F2600BA5FA3 /* Build configuration list for PBXProject "ImageSearch" */ = {
			isa = XCConfigurationList;
			buildConfigurations = (
				F595F14B2C7A3F2700BA5FA3 /* Debug */,
				F595F14C2C7A3F2700BA5FA3 /* Release */,
			);
			defaultConfigurationIsVisible = 0;
			defaultConfigurationName = Release;
		};
		F595F14D2C7A3F2700BA5FA3 /* Build configuration list for PBXNativeTarget "ImageSearch" */ = {
			isa = XCConfigurationList;
			buildConfigurations = (
				F595F14E2C7A3F2700BA5FA3 /* Debug */,
				F595F14F2C7A3F2700BA5FA3 /* Release */,
			);
			defaultConfigurationIsVisible = 0;
			defaultConfigurationName = Release;
		};
		F595F1502C7A3F2700BA5FA3 /* Build configuration list for PBXNativeTarget "ImageSearchTests" */ = {
			isa = XCConfigurationList;
			buildConfigurations = (
				F595F1512C7A3F2700BA5FA3 /* Debug */,
				F595F1522C7A3F2700BA5FA3 /* Release */,
			);
			defaultConfigurationIsVisible = 0;
			defaultConfigurationName = Release;
		};
		F595F1532C7A3F2700BA5FA3 /* Build configuration list for PBXNativeTarget "ImageSearchUITests" */ = {
			isa = XCConfigurationList;
			buildConfigurations = (
				F595F1542C7A3F2700BA5FA3 /* Debug */,
				F595F1552C7A3F2700BA5FA3 /* Release */,
			);
			defaultConfigurationIsVisible = 0;
			defaultConfigurationName = Release;
		};
/* End XCConfigurationList section */
	};
	rootObject = F595F1212C7A3F2600BA5FA3 /* Project object */;
}
